
Microsoft Visual Studio Solution File, Format Version 12.00
# Visual Studio Version 17
VisualStudioVersion = 17.0.31903.59
MinimumVisualStudioVersion = 10.0.40219.1
Project("{FAE04EC0-301F-11D3-BF4B-00C04F79EFBC}") = "CoffeeTunes.WebApi", "CoffeeTunes.WebApi\CoffeeTunes.WebApi.csproj", "{37B4035E-D3C1-46E2-A8BB-A7D9EAD43964}"
EndProject
Project("{FAE04EC0-301F-11D3-BF4B-00C04F79EFBC}") = "CoffeeTunes.Frontend", "CoffeeTunes.Frontend\CoffeeTunes.Frontend.csproj", "{57F8C1DD-A31F-4314-83DD-CB08CCB67D5C}"
EndProject
Project("{FAE04EC0-301F-11D3-BF4B-00C04F79EFBC}") = "CoffeeTunes.Aspire", "CoffeeTunes.Aspire\CoffeeTunes.Aspire.csproj", "{2364B3A9-9810-402D-8E72-1AB730DC2254}"
EndProject
Global
	GlobalSection(SolutionConfigurationPlatforms) = preSolution
		Debug|Any CPU = Debug|Any CPU
		Debug|x64 = Debug|x64
		Debug|x86 = Debug|x86
		Release|Any CPU = Release|Any CPU
		Release|x64 = Release|x64
		Release|x86 = Release|x86
	EndGlobalSection
	GlobalSection(ProjectConfigurationPlatforms) = postSolution
		{37B4035E-D3C1-46E2-A8BB-A7D9EAD43964}.Debug|Any CPU.ActiveCfg = Debug|Any CPU
		{37B4035E-D3C1-46E2-A8BB-A7D9EAD43964}.Debug|Any CPU.Build.0 = Debug|Any CPU
		{37B4035E-D3C1-46E2-A8BB-A7D9EAD43964}.Debug|x64.ActiveCfg = Debug|Any CPU
		{37B4035E-D3C1-46E2-A8BB-A7D9EAD43964}.Debug|x64.Build.0 = Debug|Any CPU
		{37B4035E-D3C1-46E2-A8BB-A7D9EAD43964}.Debug|x86.ActiveCfg = Debug|Any CPU
		{37B4035E-D3C1-46E2-A8BB-A7D9EAD43964}.Debug|x86.Build.0 = Debug|Any CPU
		{37B4035E-D3C1-46E2-A8BB-A7D9EAD43964}.Release|Any CPU.ActiveCfg = Release|Any CPU
		{37B4035E-D3C1-46E2-A8BB-A7D9EAD43964}.Release|Any CPU.Build.0 = Release|Any CPU
		{37B4035E-D3C1-46E2-A8BB-A7D9EAD43964}.Release|x64.ActiveCfg = Release|Any CPU
		{37B4035E-D3C1-46E2-A8BB-A7D9EAD43964}.Release|x64.Build.0 = Release|Any CPU
		{37B4035E-D3C1-46E2-A8BB-A7D9EAD43964}.Release|x86.ActiveCfg = Release|Any CPU
		{37B4035E-D3C1-46E2-A8BB-A7D9EAD43964}.Release|x86.Build.0 = Release|Any CPU
		{57F8C1DD-A31F-4314-83DD-CB08CCB67D5C}.Debug|Any CPU.ActiveCfg = Debug|Any CPU
		{57F8C1DD-A31F-4314-83DD-CB08CCB67D5C}.Debug|Any CPU.Build.0 = Debug|Any CPU
		{57F8C1DD-A31F-4314-83DD-CB08CCB67D5C}.Debug|x64.ActiveCfg = Debug|Any CPU
		{57F8C1DD-A31F-4314-83DD-CB08CCB67D5C}.Debug|x64.Build.0 = Debug|Any CPU
		{57F8C1DD-A31F-4314-83DD-CB08CCB67D5C}.Debug|x86.ActiveCfg = Debug|Any CPU
		{57F8C1DD-A31F-4314-83DD-CB08CCB67D5C}.Debug|x86.Build.0 = Debug|Any CPU
		{57F8C1DD-A31F-4314-83DD-CB08CCB67D5C}.Release|Any CPU.ActiveCfg = Release|Any CPU
		{57F8C1DD-A31F-4314-83DD-CB08CCB67D5C}.Release|Any CPU.Build.0 = Release|Any CPU
		{57F8C1DD-A31F-4314-83DD-CB08CCB67D5C}.Release|x64.ActiveCfg = Release|Any CPU
		{57F8C1DD-A31F-4314-83DD-CB08CCB67D5C}.Release|x64.Build.0 = Release|Any CPU
		{57F8C1DD-A31F-4314-83DD-CB08CCB67D5C}.Release|x86.ActiveCfg = Release|Any CPU
		{57F8C1DD-A31F-4314-83DD-CB08CCB67D5C}.Release|x86.Build.0 = Release|Any CPU
		{2364B3A9-9810-402D-8E72-1AB730DC2254}.Debug|Any CPU.ActiveCfg = Debug|Any CPU
		{2364B3A9-9810-402D-8E72-1AB730DC2254}.Debug|Any CPU.Build.0 = Debug|Any CPU
		{2364B3A9-9810-402D-8E72-1AB730DC2254}.Debug|x64.ActiveCfg = Debug|Any CPU
		{2364B3A9-9810-402D-8E72-1AB730DC2254}.Debug|x64.Build.0 = Debug|Any CPU
		{2364B3A9-9810-402D-8E72-1AB730DC2254}.Debug|x86.ActiveCfg = Debug|Any CPU
		{2364B3A9-9810-402D-8E72-1AB730DC2254}.Debug|x86.Build.0 = Debug|Any CPU
		{2364B3A9-9810-402D-8E72-1AB730DC2254}.Release|Any CPU.ActiveCfg = Release|Any CPU
		{2364B3A9-9810-402D-8E72-1AB730DC2254}.Release|Any CPU.Build.0 = Release|Any CPU
		{2364B3A9-9810-402D-8E72-1AB730DC2254}.Release|x64.ActiveCfg = Release|Any CPU
		{2364B3A9-9810-402D-8E72-1AB730DC2254}.Release|x64.Build.0 = Release|Any CPU
		{2364B3A9-9810-402D-8E72-1AB730DC2254}.Release|x86.ActiveCfg = Release|Any CPU
		{2364B3A9-9810-402D-8E72-1AB730DC2254}.Release|x86.Build.0 = Release|Any CPU
	EndGlobalSection
	GlobalSection(SolutionProperties) = preSolution
		HideSolutionNode = FALSE
	EndGlobalSection
EndGlobal
